
Microsoft Visual Studio Solution File, Format Version 12.00
# Visual Studio 15
VisualStudioVersion = 15.0.28307.421
MinimumVisualStudioVersion = 10.0.40219.1
Project("{8BC9CEB8-8B4A-11D0-8D11-00A0C91BC942}") = "INFO3111-S1", "INFO3111-S1\INFO3111-S1.vcxproj", "{E489DDFD-ED92-4554-B1D2-36776C24289C}"
EndProject
Project("{8BC9CEB8-8B4A-11D0-8D11-00A0C91BC942}") = "INFO3111-S2", "INFO3111-S2\INFO3111-S2.vcxproj", "{87B5A86E-26B6-479A-83EF-B8B3EB2D0F61}"
EndProject
Global
	GlobalSection(SolutionConfigurationPlatforms) = preSolution
		Debug|x64 = Debug|x64
		Debug|x86 = Debug|x86
		Release|x64 = Release|x64
		Release|x86 = Release|x86
	EndGlobalSection
	GlobalSection(ProjectConfigurationPlatforms) = postSolution
		{E489DDFD-ED92-4554-B1D2-36776C24289C}.Debug|x64.ActiveCfg = Debug|x64
		{E489DDFD-ED92-4554-B1D2-36776C24289C}.Debug|x64.Build.0 = Debug|x64
		{E489DDFD-ED92-4554-B1D2-36776C24289C}.Debug|x86.ActiveCfg = Debug|Win32
		{E489DDFD-ED92-4554-B1D2-36776C24289C}.Debug|x86.Build.0 = Debug|Win32
		{E489DDFD-ED92-4554-B1D2-36776C24289C}.Release|x64.ActiveCfg = Release|x64
		{E489DDFD-ED92-4554-B1D2-36776C24289C}.Release|x64.Build.0 = Release|x64
		{E489DDFD-ED92-4554-B1D2-36776C24289C}.Release|x86.ActiveCfg = Release|Win32
		{E489DDFD-ED92-4554-B1D2-36776C24289C}.Release|x86.Build.0 = Release|Win32
		{87B5A86E-26B6-479A-83EF-B8B3EB2D0F61}.Debug|x64.ActiveCfg = Debug|x64
		{87B5A86E-26B6-479A-83EF-B8B3EB2D0F61}.Debug|x64.Build.0 = Debug|x64
		{87B5A86E-26B6-479A-83EF-B8B3EB2D0F61}.Debug|x86.ActiveCfg = Debug|Win32
		{87B5A86E-26B6-479A-83EF-B8B3EB2D0F61}.Debug|x86.Build.0 = Debug|Win32
		{87B5A86E-26B6-479A-83EF-B8B3EB2D0F61}.Release|x64.ActiveCfg = Release|x64
		{87B5A86E-26B6-479A-83EF-B8B3EB2D0F61}.Release|x64.Build.0 = Release|x64
		{87B5A86E-26B6-479A-83EF-B8B3EB2D0F61}.Release|x86.ActiveCfg = Release|Win32
		{87B5A86E-26B6-479A-83EF-B8B3EB2D0F61}.Release|x86.Build.0 = Release|Win32
	EndGlobalSection
	GlobalSection(SolutionProperties) = preSolution
		HideSolutionNode = FALSE
	EndGlobalSection
	GlobalSection(ExtensibilityGlobals) = postSolution
		SolutionGuid = {D9D01145-7DA0-4EAB-B5AA-7A742CC6F507}
	EndGlobalSection
EndGlobal
